// !$*UTF8*$!
{
	archiveVersion = 1;
	classes = {
	};
	objectVersion = 77;
	objects = {

/* Begin PBXBuildFile section */
		43B28870306DC75200B6CCA7 /* AppDelegate.swift in Sources */ = {isa = PBXBuildFile; fileRef = 43B2886F306DC75200B6CCA7 /* AppDelegate.swift */; };
		43B28872306DC75200B6CCA7 /* SceneDelegate.swift in Sources */ = {isa = PBXBuildFile; fileRef = 43B28871306DC75200B6CCA7 /* SceneDelegate.swift */; };
		43B28875306DC75200B6CCA7 /* LaunchScreen.storyboard in Resources */ = {isa = PBXBuildFile; fileRef = 43B28873306DC75200B6CCA7 /* LaunchScreen.storyboard */; };
		43B28878306DC75200B6CCA7 /* Main.storyboard in Resources */ = {isa = PBXBuildFile; fileRef = 43B28876306DC75200B6CCA7 /* Main.storyboard */; };
		43B28881306DC75200B6CCA7 /* AppDelegate.swift in Sources */ = {isa = PBXBuildFile; fileRef = 43B28880306DC75200B6CCA7 /* AppDelegate.swift */; };
		43B28884306DC75200B6CCA7 /* Main.storyboard in Resources */ = {isa = PBXBuildFile; fileRef = 43B28882306DC75200B6CCA7 /* Main.storyboard */; };
		43B2888B306DC75200B6CCA7 /* Indie Wiki Buddy Extension.appex in Embed Foundation Extensions */ = {isa = PBXBuildFile; fileRef = 43B2888A306DC75200B6CCA7 /* Indie Wiki Buddy Extension.appex */; settings = {ATTRIBUTES = (RemoveHeadersOnCopy, ); }; };
		43B28895306DC75300B6CCA7 /* Indie Wiki Buddy Extension.appex in Embed Foundation Extensions */ = {isa = PBXBuildFile; fileRef = 43B28894306DC75300B6CCA7 /* Indie Wiki Buddy Extension.appex */; settings = {ATTRIBUTES = (RemoveHeadersOnCopy, ); }; };
		43B2889A306DC75300B6CCA7 /* Main.html in Resources */ = {isa = PBXBuildFile; fileRef = 43B2885F306DC74F00B6CCA7 /* Main.html */; };
		43B2889B306DC75300B6CCA7 /* Main.html in Resources */ = {isa = PBXBuildFile; fileRef = 43B2885F306DC74F00B6CCA7 /* Main.html */; };
		43B2889C306DC75300B6CCA7 /* Icon.png in Resources */ = {isa = PBXBuildFile; fileRef = 43B28861306DC74F00B6CCA7 /* Icon.png */; };
		43B2889D306DC75300B6CCA7 /* Icon.png in Resources */ = {isa = PBXBuildFile; fileRef = 43B28861306DC74F00B6CCA7 /* Icon.png */; };
		43B2889E306DC75300B6CCA7 /* Style.css in Resources */ = {isa = PBXBuildFile; fileRef = 43B28862306DC74F00B6CCA7 /* Style.css */; };
		43B2889F306DC75300B6CCA7 /* Style.css in Resources */ = {isa = PBXBuildFile; fileRef = 43B28862306DC74F00B6CCA7 /* Style.css */; };
		43B288A0306DC75300B6CCA7 /* Script.js in Resources */ = {isa = PBXBuildFile; fileRef = 43B28863306DC74F00B6CCA7 /* Script.js */; };
		43B288A1306DC75300B6CCA7 /* Script.js in Resources */ = {isa = PBXBuildFile; fileRef = 43B28863306DC74F00B6CCA7 /* Script.js */; };
		43B288A2306DC75300B6CCA7 /* ViewController.swift in Sources */ = {isa = PBXBuildFile; fileRef = 43B28864306DC74F00B6CCA7 /* ViewController.swift */; };
		43B288A3306DC75300B6CCA7 /* ViewController.swift in Sources */ = {isa = PBXBuildFile; fileRef = 43B28864306DC74F00B6CCA7 /* ViewController.swift */; };
		43B288A4306DC75300B6CCA7 /* Assets.xcassets in Resources */ = {isa = PBXBuildFile; fileRef = 43B28865306DC75200B6CCA7 /* Assets.xcassets */; };
		43B288A5306DC75300B6CCA7 /* Assets.xcassets in Resources */ = {isa = PBXBuildFile; fileRef = 43B28865306DC75200B6CCA7 /* Assets.xcassets */; };
		43B288A6306DC75300B6CCA7 /* SafariWebExtensionHandler.swift in Sources */ = {isa = PBXBuildFile; fileRef = 43B28867306DC75200B6CCA7 /* SafariWebExtensionHandler.swift */; };
		43B288A7306DC75300B6CCA7 /* SafariWebExtensionHandler.swift in Sources */ = {isa = PBXBuildFile; fileRef = 43B28867306DC75200B6CCA7 /* SafariWebExtensionHandler.swift */; };
		43B288C7306DC75700B6CCA7 /* Xcode in Resources */ = {isa = PBXBuildFile; fileRef = 43B288B9306DC75700B6CCA7 /* Xcode */; };
		43B288C8306DC75700B6CCA7 /* manifest-firefox.json in Resources */ = {isa = PBXBuildFile; fileRef = 43B288BA306DC75700B6CCA7 /* manifest-firefox.json */; };
		43B288C9306DC75700B6CCA7 /* favicons in Resources */ = {isa = PBXBuildFile; fileRef = 43B288BB306DC75700B6CCA7 /* favicons */; };
		43B288CA306DC75700B6CCA7 /* LICENSE in Resources */ = {isa = PBXBuildFile; fileRef = 43B288BC306DC75700B6CCA7 /* LICENSE */; };
		43B288CB306DC75700B6CCA7 /* background.js in Resources */ = {isa = PBXBuildFile; fileRef = 43B288BD306DC75700B6CCA7 /* background.js */; };
		43B288CC306DC75700B6CCA7 /* css in Resources */ = {isa = PBXBuildFile; fileRef = 43B288BE306DC75700B6CCA7 /* css */; };
		43B288CD306DC75700B6CCA7 /* images in Resources */ = {isa = PBXBuildFile; fileRef = 43B288BF306DC75700B6CCA7 /* images */; };
		43B288CE306DC75700B6CCA7 /* README.md in Resources */ = {isa = PBXBuildFile; fileRef = 43B288C0306DC75700B6CCA7 /* README.md */; };
		43B288CF306DC75700B6CCA7 /* manifest-chromium.json in Resources */ = {isa = PBXBuildFile; fileRef = 43B288C1306DC75700B6CCA7 /* manifest-chromium.json */; };
		43B288D0306DC75700B6CCA7 /* scripts in Resources */ = {isa = PBXBuildFile; fileRef = 43B288C2306DC75700B6CCA7 /* scripts */; };
		43B288D1306DC75700B6CCA7 /* manifest.json in Resources */ = {isa = PBXBuildFile; fileRef = 43B288C3306DC75700B6CCA7 /* manifest.json */; };
		43B288D2306DC75700B6CCA7 /* _locales in Resources */ = {isa = PBXBuildFile; fileRef = 43B288C4306DC75700B6CCA7 /* _locales */; };
		43B288D3306DC75700B6CCA7 /* data in Resources */ = {isa = PBXBuildFile; fileRef = 43B288C5306DC75700B6CCA7 /* data */; };
		43B288D4306DC75700B6CCA7 /* pages in Resources */ = {isa = PBXBuildFile; fileRef = 43B288C6306DC75700B6CCA7 /* pages */; };
		43B288D5306DC75700B6CCA7 /* Xcode in Resources */ = {isa = PBXBuildFile; fileRef = 43B288B9306DC75700B6CCA7 /* Xcode */; };
		43B288D6306DC75700B6CCA7 /* manifest-firefox.json in Resources */ = {isa = PBXBuildFile; fileRef = 43B288BA306DC75700B6CCA7 /* manifest-firefox.json */; };
		43B288D7306DC75700B6CCA7 /* favicons in Resources */ = {isa = PBXBuildFile; fileRef = 43B288BB306DC75700B6CCA7 /* favicons */; };
		43B288D8306DC75700B6CCA7 /* LICENSE in Resources */ = {isa = PBXBuildFile; fileRef = 43B288BC306DC75700B6CCA7 /* LICENSE */; };
		43B288D9306DC75700B6CCA7 /* background.js in Resources */ = {isa = PBXBuildFile; fileRef = 43B288BD306DC75700B6CCA7 /* background.js */; };
		43B288DA306DC75700B6CCA7 /* css in Resources */ = {isa = PBXBuildFile; fileRef = 43B288BE306DC75700B6CCA7 /* css */; };
		43B288DB306DC75700B6CCA7 /* images in Resources */ = {isa = PBXBuildFile; fileRef = 43B288BF306DC75700B6CCA7 /* images */; };
		43B288DC306DC75700B6CCA7 /* README.md in Resources */ = {isa = PBXBuildFile; fileRef = 43B288C0306DC75700B6CCA7 /* README.md */; };
		43B288DD306DC75700B6CCA7 /* manifest-chromium.json in Resources */ = {isa = PBXBuildFile; fileRef = 43B288C1306DC75700B6CCA7 /* manifest-chromium.json */; };
		43B288DE306DC75700B6CCA7 /* scripts in Resources */ = {isa = PBXBuildFile; fileRef = 43B288C2306DC75700B6CCA7 /* scripts */; };
		43B288DF306DC75700B6CCA7 /* manifest.json in Resources */ = {isa = PBXBuildFile; fileRef = 43B288C3306DC75700B6CCA7 /* manifest.json */; };
		43B288E0306DC75700B6CCA7 /* _locales in Resources */ = {isa = PBXBuildFile; fileRef = 43B288C4306DC75700B6CCA7 /* _locales */; };
		43B288E1306DC75700B6CCA7 /* data in Resources */ = {isa = PBXBuildFile; fileRef = 43B288C5306DC75700B6CCA7 /* data */; };
		43B288E2306DC75700B6CCA7 /* pages in Resources */ = {isa = PBXBuildFile; fileRef = 43B288C6306DC75700B6CCA7 /* pages */; };
/* End PBXBuildFile section */

/* Begin PBXContainerItemProxy section */
		43B2888C306DC75200B6CCA7 /* PBXContainerItemProxy */ = {
			isa = PBXContainerItemProxy;
			containerPortal = 43B28859306DC74F00B6CCA7 /* Project object */;
			proxyType = 1;
			remoteGlobalIDString = 43B28889306DC75200B6CCA7;
			remoteInfo = "Indie Wiki Buddy Extension (iOS)";
		};
		43B28896306DC75300B6CCA7 /* PBXContainerItemProxy */ = {
			isa = PBXContainerItemProxy;
			containerPortal = 43B28859306DC74F00B6CCA7 /* Project object */;
			proxyType = 1;
			remoteGlobalIDString = 43B28893306DC75300B6CCA7;
			remoteInfo = "Indie Wiki Buddy Extension (macOS)";
		};
/* End PBXContainerItemProxy section */

/* Begin PBXCopyFilesBuildPhase section */
		43B288AD306DC75300B6CCA7 /* Embed Foundation Extensions */ = {
			isa = PBXCopyFilesBuildPhase;
			buildActionMask = 2147483647;
			dstPath = "";
			dstSubfolderSpec = 13;
			files = (
				43B2888B306DC75200B6CCA7 /* Indie Wiki Buddy Extension.appex in Embed Foundation Extensions */,
			);
			name = "Embed Foundation Extensions";
			runOnlyForDeploymentPostprocessing = 0;
		};
		43B288B4306DC75300B6CCA7 /* Embed Foundation Extensions */ = {
			isa = PBXCopyFilesBuildPhase;
			buildActionMask = 2147483647;
			dstPath = "";
			dstSubfolderSpec = 13;
			files = (
				43B28895306DC75300B6CCA7 /* Indie Wiki Buddy Extension.appex in Embed Foundation Extensions */,
			);
			name = "Embed Foundation Extensions";
			runOnlyForDeploymentPostprocessing = 0;
		};
/* End PBXCopyFilesBuildPhase section */

/* Begin PBXFileReference section */
		43B28860306DC74F00B6CCA7 /* Base */ = {isa = PBXFileReference; lastKnownFileType = text.html; name = Base; path = Base.lproj/Main.html; sourceTree = "<group>"; };
		43B28861306DC74F00B6CCA7 /* Icon.png */ = {isa = PBXFileReference; lastKnownFileType = image.png; path = Icon.png; sourceTree = "<group>"; };
		43B28862306DC74F00B6CCA7 /* Style.css */ = {isa = PBXFileReference; lastKnownFileType = text.css; path = Style.css; sourceTree = "<group>"; };
		43B28863306DC74F00B6CCA7 /* Script.js */ = {isa = PBXFileReference; lastKnownFileType = sourcecode.javascript; path = Script.js; sourceTree = "<group>"; };
		43B28864306DC74F00B6CCA7 /* ViewController.swift */ = {isa = PBXFileReference; lastKnownFileType = sourcecode.swift; path = ViewController.swift; sourceTree = "<group>"; };
		43B28865306DC75200B6CCA7 /* Assets.xcassets */ = {isa = PBXFileReference; lastKnownFileType = folder.assetcatalog; path = Assets.xcassets; sourceTree = "<group>"; };
		43B28867306DC75200B6CCA7 /* SafariWebExtensionHandler.swift */ = {isa = PBXFileReference; lastKnownFileType = sourcecode.swift; path = SafariWebExtensionHandler.swift; sourceTree = "<group>"; };
		43B2886C306DC75200B6CCA7 /* Indie Wiki Buddy.app */ = {isa = PBXFileReference; explicitFileType = wrapper.application; includeInIndex = 0; path = "Indie Wiki Buddy.app"; sourceTree = BUILT_PRODUCTS_DIR; };
		43B2886F306DC75200B6CCA7 /* AppDelegate.swift */ = {isa = PBXFileReference; lastKnownFileType = sourcecode.swift; path = AppDelegate.swift; sourceTree = "<group>"; };
		43B28871306DC75200B6CCA7 /* SceneDelegate.swift */ = {isa = PBXFileReference; lastKnownFileType = sourcecode.swift; path = SceneDelegate.swift; sourceTree = "<group>"; };
		43B28874306DC75200B6CCA7 /* Base */ = {isa = PBXFileReference; lastKnownFileType = file.storyboard; name = Base; path = Base.lproj/LaunchScreen.storyboard; sourceTree = "<group>"; };
		43B28877306DC75200B6CCA7 /* Base */ = {isa = PBXFileReference; lastKnownFileType = file.storyboard; name = Base; path = Base.lproj/Main.storyboard; sourceTree = "<group>"; };
		43B28879306DC75200B6CCA7 /* Info.plist */ = {isa = PBXFileReference; lastKnownFileType = text.plist.xml; path = Info.plist; sourceTree = "<group>"; };
		43B2887E306DC75200B6CCA7 /* Indie Wiki Buddy.app */ = {isa = PBXFileReference; explicitFileType = wrapper.application; includeInIndex = 0; path = "Indie Wiki Buddy.app"; sourceTree = BUILT_PRODUCTS_DIR; };
		43B28880306DC75200B6CCA7 /* AppDelegate.swift */ = {isa = PBXFileReference; lastKnownFileType = sourcecode.swift; path = AppDelegate.swift; sourceTree = "<group>"; };
		43B28883306DC75200B6CCA7 /* Base */ = {isa = PBXFileReference; lastKnownFileType = file.storyboard; name = Base; path = Base.lproj/Main.storyboard; sourceTree = "<group>"; };
		43B28885306DC75200B6CCA7 /* Info.plist */ = {isa = PBXFileReference; lastKnownFileType = text.plist.xml; path = Info.plist; sourceTree = "<group>"; };
		43B2888A306DC75200B6CCA7 /* Indie Wiki Buddy Extension.appex */ = {isa = PBXFileReference; explicitFileType = "wrapper.app-extension"; includeInIndex = 0; path = "Indie Wiki Buddy Extension.appex"; sourceTree = BUILT_PRODUCTS_DIR; };
		43B2888F306DC75200B6CCA7 /* Info.plist */ = {isa = PBXFileReference; lastKnownFileType = text.plist.xml; path = Info.plist; sourceTree = "<group>"; };
		43B28894306DC75300B6CCA7 /* Indie Wiki Buddy Extension.appex */ = {isa = PBXFileReference; explicitFileType = "wrapper.app-extension"; includeInIndex = 0; path = "Indie Wiki Buddy Extension.appex"; sourceTree = BUILT_PRODUCTS_DIR; };
		43B28899306DC75300B6CCA7 /* Info.plist */ = {isa = PBXFileReference; lastKnownFileType = text.plist.xml; path = Info.plist; sourceTree = "<group>"; };
		43B288B9306DC75700B6CCA7 /* Xcode */ = {isa = PBXFileReference; lastKnownFileType = folder; name = Xcode; path = ../..; sourceTree = "<group>"; };
		43B288BA306DC75700B6CCA7 /* manifest-firefox.json */ = {isa = PBXFileReference; lastKnownFileType = text.json; name = "manifest-firefox.json"; path = "../../../manifest-firefox.json"; sourceTree = "<group>"; };
		43B288BB306DC75700B6CCA7 /* favicons */ = {isa = PBXFileReference; lastKnownFileType = folder; name = favicons; path = ../../../favicons; sourceTree = "<group>"; };
		43B288BC306DC75700B6CCA7 /* LICENSE */ = {isa = PBXFileReference; lastKnownFileType = text; name = LICENSE; path = ../../../LICENSE; sourceTree = "<group>"; };
		43B288BD306DC75700B6CCA7 /* background.js */ = {isa = PBXFileReference; lastKnownFileType = sourcecode.javascript; name = background.js; path = ../../../background.js; sourceTree = "<group>"; };
		43B288BE306DC75700B6CCA7 /* css */ = {isa = PBXFileReference; lastKnownFileType = folder; name = css; path = ../../../css; sourceTree = "<group>"; };
		43B288BF306DC75700B6CCA7 /* images */ = {isa = PBXFileReference; lastKnownFileType = folder; name = images; path = ../../../images; sourceTree = "<group>"; };
		43B288C0306DC75700B6CCA7 /* README.md */ = {isa = PBXFileReference; lastKnownFileType = net.daringfireball.markdown; name = README.md; path = ../../../README.md; sourceTree = "<group>"; };
		43B288C1306DC75700B6CCA7 /* manifest-chromium.json */ = {isa = PBXFileReference; lastKnownFileType = text.json; name = "manifest-chromium.json"; path = "../../../manifest-chromium.json"; sourceTree = "<group>"; };
		43B288C2306DC75700B6CCA7 /* scripts */ = {isa = PBXFileReference; lastKnownFileType = folder; name = scripts; path = ../../../scripts; sourceTree = "<group>"; };
		43B288C3306DC75700B6CCA7 /* manifest.json */ = {isa = PBXFileReference; lastKnownFileType = text.json; name = manifest.json; path = ../../../manifest.json; sourceTree = "<group>"; };
		43B288C4306DC75700B6CCA7 /* _locales */ = {isa = PBXFileReference; lastKnownFileType = folder; name = _locales; path = ../../../_locales; sourceTree = "<group>"; };
		43B288C5306DC75700B6CCA7 /* data */ = {isa = PBXFileReference; lastKnownFileType = folder; name = data; path = ../../../data; sourceTree = "<group>"; };
		43B288C6306DC75700B6CCA7 /* pages */ = {isa = PBXFileReference; lastKnownFileType = folder; name = pages; path = ../../../pages; sourceTree = "<group>"; };
/* End PBXFileReference section */

/* Begin PBXFrameworksBuildPhase section */
		43B28869306DC75200B6CCA7 /* Frameworks */ = {
			isa = PBXFrameworksBuildPhase;
			buildActionMask = 2147483647;
			files = (
			);
			runOnlyForDeploymentPostprocessing = 0;
		};
		43B2887B306DC75200B6CCA7 /* Frameworks */ = {
			isa = PBXFrameworksBuildPhase;
			buildActionMask = 2147483647;
			files = (
			);
			runOnlyForDeploymentPostprocessing = 0;
		};
		43B28887306DC75200B6CCA7 /* Frameworks */ = {
			isa = PBXFrameworksBuildPhase;
			buildActionMask = 2147483647;
			files = (
			);
			runOnlyForDeploymentPostprocessing = 0;
		};
		43B28891306DC75300B6CCA7 /* Frameworks */ = {
			isa = PBXFrameworksBuildPhase;
			buildActionMask = 2147483647;
			files = (
			);
			runOnlyForDeploymentPostprocessing = 0;
		};
/* End PBXFrameworksBuildPhase section */

/* Begin PBXGroup section */
		43B28858306DC74F00B6CCA7 = {
			isa = PBXGroup;
			children = (
				43B2885D306DC74F00B6CCA7 /* Shared (App) */,
				43B28866306DC75200B6CCA7 /* Shared (Extension) */,
				43B2886E306DC75200B6CCA7 /* iOS (App) */,
				43B2887F306DC75200B6CCA7 /* macOS (App) */,
				43B2888E306DC75200B6CCA7 /* iOS (Extension) */,
				43B28898306DC75300B6CCA7 /* macOS (Extension) */,
				43B2886D306DC75200B6CCA7 /* Products */,
			);
			sourceTree = "<group>";
		};
		43B2885D306DC74F00B6CCA7 /* Shared (App) */ = {
			isa = PBXGroup;
			children = (
				43B28864306DC74F00B6CCA7 /* ViewController.swift */,
				43B28865306DC75200B6CCA7 /* Assets.xcassets */,
				43B2885E306DC74F00B6CCA7 /* Resources */,
			);
			path = "Shared (App)";
			sourceTree = "<group>";
		};
		43B2885E306DC74F00B6CCA7 /* Resources */ = {
			isa = PBXGroup;
			children = (
				43B2885F306DC74F00B6CCA7 /* Main.html */,
				43B28861306DC74F00B6CCA7 /* Icon.png */,
				43B28862306DC74F00B6CCA7 /* Style.css */,
				43B28863306DC74F00B6CCA7 /* Script.js */,
			);
			path = Resources;
			sourceTree = "<group>";
		};
		43B28866306DC75200B6CCA7 /* Shared (Extension) */ = {
			isa = PBXGroup;
			children = (
				43B288B8306DC75700B6CCA7 /* Resources */,
				43B28867306DC75200B6CCA7 /* SafariWebExtensionHandler.swift */,
			);
			path = "Shared (Extension)";
			sourceTree = "<group>";
		};
		43B2886D306DC75200B6CCA7 /* Products */ = {
			isa = PBXGroup;
			children = (
				43B2886C306DC75200B6CCA7 /* Indie Wiki Buddy.app */,
				43B2887E306DC75200B6CCA7 /* Indie Wiki Buddy.app */,
				43B2888A306DC75200B6CCA7 /* Indie Wiki Buddy Extension.appex */,
				43B28894306DC75300B6CCA7 /* Indie Wiki Buddy Extension.appex */,
			);
			name = Products;
			sourceTree = "<group>";
		};
		43B2886E306DC75200B6CCA7 /* iOS (App) */ = {
			isa = PBXGroup;
			children = (
				43B2886F306DC75200B6CCA7 /* AppDelegate.swift */,
				43B28871306DC75200B6CCA7 /* SceneDelegate.swift */,
				43B28873306DC75200B6CCA7 /* LaunchScreen.storyboard */,
				43B28876306DC75200B6CCA7 /* Main.storyboard */,
				43B28879306DC75200B6CCA7 /* Info.plist */,
			);
			path = "iOS (App)";
			sourceTree = "<group>";
		};
		43B2887F306DC75200B6CCA7 /* macOS (App) */ = {
			isa = PBXGroup;
			children = (
				43B28880306DC75200B6CCA7 /* AppDelegate.swift */,
				43B28882306DC75200B6CCA7 /* Main.storyboard */,
				43B28885306DC75200B6CCA7 /* Info.plist */,
			);
			path = "macOS (App)";
			sourceTree = "<group>";
		};
		43B2888E306DC75200B6CCA7 /* iOS (Extension) */ = {
			isa = PBXGroup;
			children = (
				43B2888F306DC75200B6CCA7 /* Info.plist */,
			);
			path = "iOS (Extension)";
			sourceTree = "<group>";
		};
		43B28898306DC75300B6CCA7 /* macOS (Extension) */ = {
			isa = PBXGroup;
			children = (
				43B28899306DC75300B6CCA7 /* Info.plist */,
			);
			path = "macOS (Extension)";
			sourceTree = "<group>";
		};
		43B288B8306DC75700B6CCA7 /* Resources */ = {
			isa = PBXGroup;
			children = (
				43B288B9306DC75700B6CCA7 /* Xcode */,
				43B288BA306DC75700B6CCA7 /* manifest-firefox.json */,
				43B288BB306DC75700B6CCA7 /* favicons */,
				43B288BC306DC75700B6CCA7 /* LICENSE */,
				43B288BD306DC75700B6CCA7 /* background.js */,
				43B288BE306DC75700B6CCA7 /* css */,
				43B288BF306DC75700B6CCA7 /* images */,
				43B288C0306DC75700B6CCA7 /* README.md */,
				43B288C1306DC75700B6CCA7 /* manifest-chromium.json */,
				43B288C2306DC75700B6CCA7 /* scripts */,
				43B288C3306DC75700B6CCA7 /* manifest.json */,
				43B288C4306DC75700B6CCA7 /* _locales */,
				43B288C5306DC75700B6CCA7 /* data */,
				43B288C6306DC75700B6CCA7 /* pages */,
			);
			name = Resources;
			path = "Shared (Extension)";
			sourceTree = SOURCE_ROOT;
		};
/* End PBXGroup section */

/* Begin PBXNativeTarget section */
		43B2886B306DC75200B6CCA7 /* Indie Wiki Buddy (iOS) */ = {
			isa = PBXNativeTarget;
			buildConfigurationList = 43B288AE306DC75300B6CCA7 /* Build configuration list for PBXNativeTarget "Indie Wiki Buddy (iOS)" */;
			buildPhases = (
				43B28868306DC75200B6CCA7 /* Sources */,
				43B28869306DC75200B6CCA7 /* Frameworks */,
				43B2886A306DC75200B6CCA7 /* Resources */,
				43B288AD306DC75300B6CCA7 /* Embed Foundation Extensions */,
			);
			buildRules = (
			);
			dependencies = (
				43B2888D306DC75200B6CCA7 /* PBXTargetDependency */,
			);
			name = "Indie Wiki Buddy (iOS)";
			packageProductDependencies = (
			);
			productName = "Indie Wiki Buddy (iOS)";
			productReference = 43B2886C306DC75200B6CCA7 /* Indie Wiki Buddy.app */;
			productType = "com.apple.product-type.application";
		};
		43B2887D306DC75200B6CCA7 /* Indie Wiki Buddy (macOS) */ = {
			isa = PBXNativeTarget;
			buildConfigurationList = 43B288B5306DC75300B6CCA7 /* Build configuration list for PBXNativeTarget "Indie Wiki Buddy (macOS)" */;
			buildPhases = (
				43B2887A306DC75200B6CCA7 /* Sources */,
				43B2887B306DC75200B6CCA7 /* Frameworks */,
				43B2887C306DC75200B6CCA7 /* Resources */,
				43B288B4306DC75300B6CCA7 /* Embed Foundation Extensions */,
			);
			buildRules = (
			);
			dependencies = (
				43B28897306DC75300B6CCA7 /* PBXTargetDependency */,
			);
			name = "Indie Wiki Buddy (macOS)";
			packageProductDependencies = (
			);
			productName = "Indie Wiki Buddy (macOS)";
			productReference = 43B2887E306DC75200B6CCA7 /* Indie Wiki Buddy.app */;
			productType = "com.apple.product-type.application";
		};
		43B28889306DC75200B6CCA7 /* Indie Wiki Buddy Extension (iOS) */ = {
			isa = PBXNativeTarget;
			buildConfigurationList = 43B288AA306DC75300B6CCA7 /* Build configuration list for PBXNativeTarget "Indie Wiki Buddy Extension (iOS)" */;
			buildPhases = (
				43B28886306DC75200B6CCA7 /* Sources */,
				43B28887306DC75200B6CCA7 /* Frameworks */,
				43B28888306DC75200B6CCA7 /* Resources */,
			);
			buildRules = (
			);
			dependencies = (
			);
			name = "Indie Wiki Buddy Extension (iOS)";
			packageProductDependencies = (
			);
			productName = "Indie Wiki Buddy Extension (iOS)";
			productReference = 43B2888A306DC75200B6CCA7 /* Indie Wiki Buddy Extension.appex */;
			productType = "com.apple.product-type.app-extension";
		};
		43B28893306DC75300B6CCA7 /* Indie Wiki Buddy Extension (macOS) */ = {
			isa = PBXNativeTarget;
			buildConfigurationList = 43B288B1306DC75300B6CCA7 /* Build configuration list for PBXNativeTarget "Indie Wiki Buddy Extension (macOS)" */;
			buildPhases = (
				43B28890306DC75300B6CCA7 /* Sources */,
				43B28891306DC75300B6CCA7 /* Frameworks */,
				43B28892306DC75300B6CCA7 /* Resources */,
			);
			buildRules = (
			);
			dependencies = (
			);
			name = "Indie Wiki Buddy Extension (macOS)";
			packageProductDependencies = (
			);
			productName = "Indie Wiki Buddy Extension (macOS)";
			productReference = 43B28894306DC75300B6CCA7 /* Indie Wiki Buddy Extension.appex */;
			productType = "com.apple.product-type.app-extension";
		};
/* End PBXNativeTarget section */

/* Begin PBXProject section */
		43B28859306DC74F00B6CCA7 /* Project object */ = {
			isa = PBXProject;
			attributes = {
				BuildIndependentTargetsInParallel = 1;
				LastSwiftUpdateCheck = 2660;
				LastUpgradeCheck = 2660;
				TargetAttributes = {
					43B2886B306DC75200B6CCA7 = {
						CreatedOnToolsVersion = 26.6;
					};
					43B2887D306DC75200B6CCA7 = {
						CreatedOnToolsVersion = 26.6;
					};
					43B28889306DC75200B6CCA7 = {
						CreatedOnToolsVersion = 26.6;
					};
					43B28893306DC75300B6CCA7 = {
						CreatedOnToolsVersion = 26.6;
					};
				};
			};
			buildConfigurationList = 43B2885C306DC74F00B6CCA7 /* Build configuration list for PBXProject "Indie Wiki Buddy" */;
			developmentRegion = en;
			hasScannedForEncodings = 0;
			knownRegions = (
				en,
				Base,
			);
			mainGroup = 43B28858306DC74F00B6CCA7;
			minimizedProjectReferenceProxies = 1;
			preferredProjectObjectVersion = 77;
			productRefGroup = 43B2886D306DC75200B6CCA7 /* Products */;
			projectDirPath = "";
			projectRoot = "";
			targets = (
				43B2886B306DC75200B6CCA7 /* Indie Wiki Buddy (iOS) */,
				43B2887D306DC75200B6CCA7 /* Indie Wiki Buddy (macOS) */,
				43B28889306DC75200B6CCA7 /* Indie Wiki Buddy Extension (iOS) */,
				43B28893306DC75300B6CCA7 /* Indie Wiki Buddy Extension (macOS) */,
			);
		};
/* End PBXProject section */

/* Begin PBXResourcesBuildPhase section */
		43B2886A306DC75200B6CCA7 /* Resources */ = {
			isa = PBXResourcesBuildPhase;
			buildActionMask = 2147483647;
			files = (
				43B2889C306DC75300B6CCA7 /* Icon.png in Resources */,
				43B28875306DC75200B6CCA7 /* LaunchScreen.storyboard in Resources */,
				43B2889A306DC75300B6CCA7 /* Main.html in Resources */,
				43B288A0306DC75300B6CCA7 /* Script.js in Resources */,
				43B288A4306DC75300B6CCA7 /* Assets.xcassets in Resources */,
				43B28878306DC75200B6CCA7 /* Main.storyboard in Resources */,
				43B2889E306DC75300B6CCA7 /* Style.css in Resources */,
			);
			runOnlyForDeploymentPostprocessing = 0;
		};
		43B2887C306DC75200B6CCA7 /* Resources */ = {
			isa = PBXResourcesBuildPhase;
			buildActionMask = 2147483647;
			files = (
				43B2889D306DC75300B6CCA7 /* Icon.png in Resources */,
				43B2889F306DC75300B6CCA7 /* Style.css in Resources */,
				43B28884306DC75200B6CCA7 /* Main.storyboard in Resources */,
				43B288A1306DC75300B6CCA7 /* Script.js in Resources */,
				43B288A5306DC75300B6CCA7 /* Assets.xcassets in Resources */,
				43B2889B306DC75300B6CCA7 /* Main.html in Resources */,
			);
			runOnlyForDeploymentPostprocessing = 0;
		};
		43B28888306DC75200B6CCA7 /* Resources */ = {
			isa = PBXResourcesBuildPhase;
			buildActionMask = 2147483647;
			files = (
				43B288DA306DC75700B6CCA7 /* css in Resources */,
				43B288E2306DC75700B6CCA7 /* pages in Resources */,
				43B288D6306DC75700B6CCA7 /* manifest-firefox.json in Resources */,
				43B288D5306DC75700B6CCA7 /* Xcode in Resources */,
				43B288E1306DC75700B6CCA7 /* data in Resources */,
				43B288DE306DC75700B6CCA7 /* scripts in Resources */,
				43B288D8306DC75700B6CCA7 /* LICENSE in Resources */,
				43B288DF306DC75700B6CCA7 /* manifest.json in Resources */,
				43B288E0306DC75700B6CCA7 /* _locales in Resources */,
				43B288DD306DC75700B6CCA7 /* manifest-chromium.json in Resources */,
				43B288D7306DC75700B6CCA7 /* favicons in Resources */,
				43B288DB306DC75700B6CCA7 /* images in Resources */,
				43B288DC306DC75700B6CCA7 /* README.md in Resources */,
				43B288D9306DC75700B6CCA7 /* background.js in Resources */,
			);
			runOnlyForDeploymentPostprocessing = 0;
		};
		43B28892306DC75300B6CCA7 /* Resources */ = {
			isa = PBXResourcesBuildPhase;
			buildActionMask = 2147483647;
			files = (
				43B288CC306DC75700B6CCA7 /* css in Resources */,
				43B288D4306DC75700B6CCA7 /* pages in Resources */,
				43B288C8306DC75700B6CCA7 /* manifest-firefox.json in Resources */,
				43B288C7306DC75700B6CCA7 /* Xcode in Resources */,
				43B288D3306DC75700B6CCA7 /* data in Resources */,
				43B288D0306DC75700B6CCA7 /* scripts in Resources */,
				43B288CA306DC75700B6CCA7 /* LICENSE in Resources */,
				43B288D1306DC75700B6CCA7 /* manifest.json in Resources */,
				43B288D2306DC75700B6CCA7 /* _locales in Resources */,
				43B288CF306DC75700B6CCA7 /* manifest-chromium.json in Resources */,
				43B288C9306DC75700B6CCA7 /* favicons in Resources */,
				43B288CD306DC75700B6CCA7 /* images in Resources */,
				43B288CE306DC75700B6CCA7 /* README.md in Resources */,
				43B288CB306DC75700B6CCA7 /* background.js in Resources */,
			);
			runOnlyForDeploymentPostprocessing = 0;
		};
/* End PBXResourcesBuildPhase section */

/* Begin PBXSourcesBuildPhase section */
		43B28868306DC75200B6CCA7 /* Sources */ = {
			isa = PBXSourcesBuildPhase;
			buildActionMask = 2147483647;
			files = (
				43B288A2306DC75300B6CCA7 /* ViewController.swift in Sources */,
				43B28870306DC75200B6CCA7 /* AppDelegate.swift in Sources */,
				43B28872306DC75200B6CCA7 /* SceneDelegate.swift in Sources */,
			);
			runOnlyForDeploymentPostprocessing = 0;
		};
		43B2887A306DC75200B6CCA7 /* Sources */ = {
			isa = PBXSourcesBuildPhase;
			buildActionMask = 2147483647;
			files = (
				43B288A3306DC75300B6CCA7 /* ViewController.swift in Sources */,
				43B28881306DC75200B6CCA7 /* AppDelegate.swift in Sources */,
			);
			runOnlyForDeploymentPostprocessing = 0;
		};
		43B28886306DC75200B6CCA7 /* Sources */ = {
			isa = PBXSourcesBuildPhase;
			buildActionMask = 2147483647;
			files = (
				43B288A6306DC75300B6CCA7 /* SafariWebExtensionHandler.swift in Sources */,
			);
			runOnlyForDeploymentPostprocessing = 0;
		};
		43B28890306DC75300B6CCA7 /* Sources */ = {
			isa = PBXSourcesBuildPhase;
			buildActionMask = 2147483647;
			files = (
				43B288A7306DC75300B6CCA7 /* SafariWebExtensionHandler.swift in Sources */,
			);
			runOnlyForDeploymentPostprocessing = 0;
		};
/* End PBXSourcesBuildPhase section */

/* Begin PBXTargetDependency section */
		43B2888D306DC75200B6CCA7 /* PBXTargetDependency */ = {
			isa = PBXTargetDependency;
			target = 43B28889306DC75200B6CCA7 /* Indie Wiki Buddy Extension (iOS) */;
			targetProxy = 43B2888C306DC75200B6CCA7 /* PBXContainerItemProxy */;
		};
		43B28897306DC75300B6CCA7 /* PBXTargetDependency */ = {
			isa = PBXTargetDependency;
			target = 43B28893306DC75300B6CCA7 /* Indie Wiki Buddy Extension (macOS) */;
			targetProxy = 43B28896306DC75300B6CCA7 /* PBXContainerItemProxy */;
		};
/* End PBXTargetDependency section */

/* Begin PBXVariantGroup section */
		43B2885F306DC74F00B6CCA7 /* Main.html */ = {
			isa = PBXVariantGroup;
			children = (
				43B28860306DC74F00B6CCA7 /* Base */,
			);
			name = Main.html;
			sourceTree = "<group>";
		};
		43B28873306DC75200B6CCA7 /* LaunchScreen.storyboard */ = {
			isa = PBXVariantGroup;
			children = (
				43B28874306DC75200B6CCA7 /* Base */,
			);
			name = LaunchScreen.storyboard;
			sourceTree = "<group>";
		};
		43B28876306DC75200B6CCA7 /* Main.storyboard */ = {
			isa = PBXVariantGroup;
			children = (
				43B28877306DC75200B6CCA7 /* Base */,
			);
			name = Main.storyboard;
			sourceTree = "<group>";
		};
		43B28882306DC75200B6CCA7 /* Main.storyboard */ = {
			isa = PBXVariantGroup;
			children = (
				43B28883306DC75200B6CCA7 /* Base */,
			);
			name = Main.storyboard;
			sourceTree = "<group>";
		};
/* End PBXVariantGroup section */

/* Begin XCBuildConfiguration section */
		43B288A8306DC75300B6CCA7 /* Debug */ = {
			isa = XCBuildConfiguration;
			buildSettings = {
				ALWAYS_SEARCH_USER_PATHS = NO;
				ASSETCATALOG_COMPILER_GENERATE_SWIFT_ASSET_SYMBOL_EXTENSIONS = YES;
				CLANG_ANALYZER_NONNULL = YES;
				CLANG_ANALYZER_NUMBER_OBJECT_CONVERSION = YES_AGGRESSIVE;
				CLANG_CXX_LANGUAGE_STANDARD = "gnu++20";
				CLANG_ENABLE_MODULES = YES;
				CLANG_ENABLE_OBJC_ARC = YES;
				CLANG_ENABLE_OBJC_WEAK = YES;
				CLANG_WARN_BLOCK_CAPTURE_AUTORELEASING = YES;
				CLANG_WARN_BOOL_CONVERSION = YES;
				CLANG_WARN_COMMA = YES;
				CLANG_WARN_CONSTANT_CONVERSION = YES;
				CLANG_WARN_DEPRECATED_OBJC_IMPLEMENTATIONS = YES;
				CLANG_WARN_DIRECT_OBJC_ISA_USAGE = YES_ERROR;
				CLANG_WARN_DOCUMENTATION_COMMENTS = YES;
				CLANG_WARN_EMPTY_BODY = YES;
				CLANG_WARN_ENUM_CONVERSION = YES;
				CLANG_WARN_INFINITE_RECURSION = YES;
				CLANG_WARN_INT_CONVERSION = YES;
				CLANG_WARN_NON_LITERAL_NULL_CONVERSION = YES;
				CLANG_WARN_OBJC_IMPLICIT_RETAIN_SELF = YES;
				CLANG_WARN_OBJC_LITERAL_CONVERSION = YES;
				CLANG_WARN_OBJC_ROOT_CLASS = YES_ERROR;
				CLANG_WARN_QUOTED_INCLUDE_IN_FRAMEWORK_HEADER = YES;
				CLANG_WARN_RANGE_LOOP_ANALYSIS = YES;
				CLANG_WARN_STRICT_PROTOTYPES = YES;
				CLANG_WARN_SUSPICIOUS_MOVE = YES;
				CLANG_WARN_UNGUARDED_AVAILABILITY = YES_AGGRESSIVE;
				CLANG_WARN_UNREACHABLE_CODE = YES;
				CLANG_WARN__DUPLICATE_METHOD_MATCH = YES;
				COPY_PHASE_STRIP = NO;
				DEBUG_INFORMATION_FORMAT = dwarf;
				ENABLE_STRICT_OBJC_MSGSEND = YES;
				ENABLE_TESTABILITY = YES;
				ENABLE_USER_SCRIPT_SANDBOXING = YES;
				GCC_C_LANGUAGE_STANDARD = gnu17;
				GCC_DYNAMIC_NO_PIC = NO;
				GCC_NO_COMMON_BLOCKS = YES;
				GCC_OPTIMIZATION_LEVEL = 0;
				GCC_PREPROCESSOR_DEFINITIONS = (
					"DEBUG=1",
					"$(inherited)",
				);
				GCC_WARN_64_TO_32_BIT_CONVERSION = YES;
				GCC_WARN_ABOUT_RETURN_TYPE = YES_ERROR;
				GCC_WARN_UNDECLARED_SELECTOR = YES;
				GCC_WARN_UNINITIALIZED_AUTOS = YES_AGGRESSIVE;
				GCC_WARN_UNUSED_FUNCTION = YES;
				GCC_WARN_UNUSED_VARIABLE = YES;
				LOCALIZATION_PREFERS_STRING_CATALOGS = YES;
				MTL_ENABLE_DEBUG_INFO = INCLUDE_SOURCE;
				MTL_FAST_MATH = YES;
				ONLY_ACTIVE_ARCH = YES;
				SWIFT_ACTIVE_COMPILATION_CONDITIONS = "DEBUG $(inherited)";
				SWIFT_OPTIMIZATION_LEVEL = "-Onone";
			};
			name = Debug;
		};
		43B288A9306DC75300B6CCA7 /* Release */ = {
			isa = XCBuildConfiguration;
			buildSettings = {
				ALWAYS_SEARCH_USER_PATHS = NO;
				ASSETCATALOG_COMPILER_GENERATE_SWIFT_ASSET_SYMBOL_EXTENSIONS = YES;
				CLANG_ANALYZER_NONNULL = YES;
				CLANG_ANALYZER_NUMBER_OBJECT_CONVERSION = YES_AGGRESSIVE;
				CLANG_CXX_LANGUAGE_STANDARD = "gnu++20";
				CLANG_ENABLE_MODULES = YES;
				CLANG_ENABLE_OBJC_ARC = YES;
				CLANG_ENABLE_OBJC_WEAK = YES;
				CLANG_WARN_BLOCK_CAPTURE_AUTORELEASING = YES;
				CLANG_WARN_BOOL_CONVERSION = YES;
				CLANG_WARN_COMMA = YES;
				CLANG_WARN_CONSTANT_CONVERSION = YES;
				CLANG_WARN_DEPRECATED_OBJC_IMPLEMENTATIONS = YES;
				CLANG_WARN_DIRECT_OBJC_ISA_USAGE = YES_ERROR;
				CLANG_WARN_DOCUMENTATION_COMMENTS = YES;
				CLANG_WARN_EMPTY_BODY = YES;
				CLANG_WARN_ENUM_CONVERSION = YES;
				CLANG_WARN_INFINITE_RECURSION = YES;
				CLANG_WARN_INT_CONVERSION = YES;
				CLANG_WARN_NON_LITERAL_NULL_CONVERSION = YES;
				CLANG_WARN_OBJC_IMPLICIT_RETAIN_SELF = YES;
				CLANG_WARN_OBJC_LITERAL_CONVERSION = YES;
				CLANG_WARN_OBJC_ROOT_CLASS = YES_ERROR;
				CLANG_WARN_QUOTED_INCLUDE_IN_FRAMEWORK_HEADER = YES;
				CLANG_WARN_RANGE_LOOP_ANALYSIS = YES;
				CLANG_WARN_STRICT_PROTOTYPES = YES;
				CLANG_WARN_SUSPICIOUS_MOVE = YES;
				CLANG_WARN_UNGUARDED_AVAILABILITY = YES_AGGRESSIVE;
				CLANG_WARN_UNREACHABLE_CODE = YES;
				CLANG_WARN__DUPLICATE_METHOD_MATCH = YES;
				COPY_PHASE_STRIP = NO;
				DEBUG_INFORMATION_FORMAT = "dwarf-with-dsym";
				ENABLE_NS_ASSERTIONS = NO;
				ENABLE_STRICT_OBJC_MSGSEND = YES;
				ENABLE_USER_SCRIPT_SANDBOXING = YES;
				GCC_C_LANGUAGE_STANDARD = gnu17;
				GCC_NO_COMMON_BLOCKS = YES;
				GCC_WARN_64_TO_32_BIT_CONVERSION = YES;
				GCC_WARN_ABOUT_RETURN_TYPE = YES_ERROR;
				GCC_WARN_UNDECLARED_SELECTOR = YES;
				GCC_WARN_UNINITIALIZED_AUTOS = YES_AGGRESSIVE;
				GCC_WARN_UNUSED_FUNCTION = YES;
				GCC_WARN_UNUSED_VARIABLE = YES;
				LOCALIZATION_PREFERS_STRING_CATALOGS = YES;
				MTL_ENABLE_DEBUG_INFO = NO;
				MTL_FAST_MATH = YES;
				SWIFT_COMPILATION_MODE = wholemodule;
			};
			name = Release;
		};
		43B288AB306DC75300B6CCA7 /* Debug */ = {
			isa = XCBuildConfiguration;
			buildSettings = {
				CODE_SIGN_STYLE = Automatic;
				CURRENT_PROJECT_VERSION = 4.0.1;
				GENERATE_INFOPLIST_FILE = YES;
				INFOPLIST_FILE = "iOS (Extension)/Info.plist";
				INFOPLIST_KEY_CFBundleDisplayName = "Indie Wiki Buddy Extension";
				INFOPLIST_KEY_NSHumanReadableCopyright = "";
				IPHONEOS_DEPLOYMENT_TARGET = 15.0;
				LD_RUNPATH_SEARCH_PATHS = (
					"$(inherited)",
					"@executable_path/Frameworks",
					"@executable_path/../../Frameworks",
				);
				MARKETING_VERSION = 1.0;
				OTHER_LDFLAGS = (
					"-framework",
					SafariServices,
				);
				PRODUCT_BUNDLE_IDENTIFIER = "com.hoverAdev.indie-wiki-buddy.Extension";
				PRODUCT_NAME = "Indie Wiki Buddy Extension";
				SDKROOT = iphoneos;
				SKIP_INSTALL = YES;
				STRING_CATALOG_GENERATE_SYMBOLS = YES;
				SWIFT_APPROACHABLE_CONCURRENCY = YES;
				SWIFT_EMIT_LOC_STRINGS = YES;
				SWIFT_UPCOMING_FEATURE_MEMBER_IMPORT_VISIBILITY = YES;
				SWIFT_VERSION = 5.0;
				TARGETED_DEVICE_FAMILY = "1,2";
			};
			name = Debug;
		};
		43B288AC306DC75300B6CCA7 /* Release */ = {
			isa = XCBuildConfiguration;
			buildSettings = {
				CODE_SIGN_STYLE = Automatic;
				CURRENT_PROJECT_VERSION = 4.0.1;
				GENERATE_INFOPLIST_FILE = YES;
				INFOPLIST_FILE = "iOS (Extension)/Info.plist";
				INFOPLIST_KEY_CFBundleDisplayName = "Indie Wiki Buddy Extension";
				INFOPLIST_KEY_NSHumanReadableCopyright = "";
				IPHONEOS_DEPLOYMENT_TARGET = 15.0;
				LD_RUNPATH_SEARCH_PATHS = (
					"$(inherited)",
					"@executable_path/Frameworks",
					"@executable_path/../../Frameworks",
				);
				MARKETING_VERSION = 1.0;
				OTHER_LDFLAGS = (
					"-framework",
					SafariServices,
				);
				PRODUCT_BUNDLE_IDENTIFIER = "com.hoverAdev.indie-wiki-buddy.Extension";
				PRODUCT_NAME = "Indie Wiki Buddy Extension";
				SDKROOT = iphoneos;
				SKIP_INSTALL = YES;
				STRING_CATALOG_GENERATE_SYMBOLS = YES;
				SWIFT_APPROACHABLE_CONCURRENCY = YES;
				SWIFT_EMIT_LOC_STRINGS = YES;
				SWIFT_UPCOMING_FEATURE_MEMBER_IMPORT_VISIBILITY = YES;
				SWIFT_VERSION = 5.0;
				TARGETED_DEVICE_FAMILY = "1,2";
				VALIDATE_PRODUCT = YES;
			};
			name = Release;
		};
		43B288AF306DC75300B6CCA7 /* Debug */ = {
			isa = XCBuildConfiguration;
			buildSettings = {
				ASSETCATALOG_COMPILER_APPICON_NAME = AppIcon;
				ASSETCATALOG_COMPILER_GLOBAL_ACCENT_COLOR_NAME = AccentColor;
				CODE_SIGN_STYLE = Automatic;
				CURRENT_PROJECT_VERSION = 4.0.1;
				GENERATE_INFOPLIST_FILE = YES;
				INFOPLIST_FILE = "iOS (App)/Info.plist";
				INFOPLIST_KEY_CFBundleDisplayName = "Indie Wiki Buddy";
				INFOPLIST_KEY_UIApplicationSupportsIndirectInputEvents = YES;
				INFOPLIST_KEY_UILaunchStoryboardName = LaunchScreen;
				INFOPLIST_KEY_UIMainStoryboardFile = Main;
				INFOPLIST_KEY_UISupportedInterfaceOrientations = "UIInterfaceOrientationPortrait UIInterfaceOrientationLandscapeLeft UIInterfaceOrientationLandscapeRight";
				INFOPLIST_KEY_UISupportedInterfaceOrientations_iPad = "UIInterfaceOrientationPortrait UIInterfaceOrientationPortraitUpsideDown UIInterfaceOrientationLandscapeLeft UIInterfaceOrientationLandscapeRight";
				IPHONEOS_DEPLOYMENT_TARGET = 15.0;
				LD_RUNPATH_SEARCH_PATHS = (
					"$(inherited)",
					"@executable_path/Frameworks",
				);
				MARKETING_VERSION = 1.0;
				OTHER_LDFLAGS = (
					"-framework",
					SafariServices,
					"-framework",
					WebKit,
				);
				PRODUCT_BUNDLE_IDENTIFIER = "com.hoverAdev.indie-wiki-buddy";
				PRODUCT_NAME = "Indie Wiki Buddy";
				SDKROOT = iphoneos;
				STRING_CATALOG_GENERATE_SYMBOLS = YES;
				SWIFT_APPROACHABLE_CONCURRENCY = YES;
				SWIFT_DEFAULT_ACTOR_ISOLATION = MainActor;
				SWIFT_EMIT_LOC_STRINGS = YES;
				SWIFT_UPCOMING_FEATURE_MEMBER_IMPORT_VISIBILITY = YES;
				SWIFT_VERSION = 5.0;
				TARGETED_DEVICE_FAMILY = "1,2";
			};
			name = Debug;
		};
		43B288B0306DC75300B6CCA7 /* Release */ = {
			isa = XCBuildConfiguration;
			buildSettings = {
				ASSETCATALOG_COMPILER_APPICON_NAME = AppIcon;
				ASSETCATALOG_COMPILER_GLOBAL_ACCENT_COLOR_NAME = AccentColor;
				CODE_SIGN_STYLE = Automatic;
				CURRENT_PROJECT_VERSION = 4.0.1;
				GENERATE_INFOPLIST_FILE = YES;
				INFOPLIST_FILE = "iOS (App)/Info.plist";
				INFOPLIST_KEY_CFBundleDisplayName = "Indie Wiki Buddy";
				INFOPLIST_KEY_UIApplicationSupportsIndirectInputEvents = YES;
				INFOPLIST_KEY_UILaunchStoryboardName = LaunchScreen;
				INFOPLIST_KEY_UIMainStoryboardFile = Main;
				INFOPLIST_KEY_UISupportedInterfaceOrientations = "UIInterfaceOrientationPortrait UIInterfaceOrientationLandscapeLeft UIInterfaceOrientationLandscapeRight";
				INFOPLIST_KEY_UISupportedInterfaceOrientations_iPad = "UIInterfaceOrientationPortrait UIInterfaceOrientationPortraitUpsideDown UIInterfaceOrientationLandscapeLeft UIInterfaceOrientationLandscapeRight";
				IPHONEOS_DEPLOYMENT_TARGET = 15.0;
				LD_RUNPATH_SEARCH_PATHS = (
					"$(inherited)",
					"@executable_path/Frameworks",
				);
				MARKETING_VERSION = 1.0;
				OTHER_LDFLAGS = (
					"-framework",
					SafariServices,
					"-framework",
					WebKit,
				);
				PRODUCT_BUNDLE_IDENTIFIER = "com.hoverAdev.indie-wiki-buddy";
				PRODUCT_NAME = "Indie Wiki Buddy";
				SDKROOT = iphoneos;
				STRING_CATALOG_GENERATE_SYMBOLS = YES;
				SWIFT_APPROACHABLE_CONCURRENCY = YES;
				SWIFT_DEFAULT_ACTOR_ISOLATION = MainActor;
				SWIFT_EMIT_LOC_STRINGS = YES;
				SWIFT_UPCOMING_FEATURE_MEMBER_IMPORT_VISIBILITY = YES;
				SWIFT_VERSION = 5.0;
				TARGETED_DEVICE_FAMILY = "1,2";
				VALIDATE_PRODUCT = YES;
			};
			name = Release;
		};
		43B288B2306DC75300B6CCA7 /* Debug */ = {
			isa = XCBuildConfiguration;
			buildSettings = {
				CODE_SIGN_STYLE = Automatic;
				CURRENT_PROJECT_VERSION = 4.0.1;
				ENABLE_APP_SANDBOX = YES;
				ENABLE_HARDENED_RUNTIME = YES;
				ENABLE_USER_SELECTED_FILES = readonly;
				GENERATE_INFOPLIST_FILE = YES;
				INFOPLIST_FILE = "macOS (Extension)/Info.plist";
				INFOPLIST_KEY_CFBundleDisplayName = "Indie Wiki Buddy Extension";
				INFOPLIST_KEY_NSHumanReadableCopyright = "";
				LD_RUNPATH_SEARCH_PATHS = (
					"$(inherited)",
					"@executable_path/../Frameworks",
					"@executable_path/../../../../Frameworks",
				);
				MACOSX_DEPLOYMENT_TARGET = 10.14;
				MARKETING_VERSION = 1.0;
				OTHER_LDFLAGS = (
					"-framework",
					SafariServices,
				);
				PRODUCT_BUNDLE_IDENTIFIER = "com.hoverAdev.indie-wiki-buddy.Extension";
				PRODUCT_NAME = "Indie Wiki Buddy Extension";
				SDKROOT = macosx;
				SKIP_INSTALL = YES;
				STRING_CATALOG_GENERATE_SYMBOLS = YES;
				SWIFT_APPROACHABLE_CONCURRENCY = YES;
				SWIFT_EMIT_LOC_STRINGS = YES;
				SWIFT_UPCOMING_FEATURE_MEMBER_IMPORT_VISIBILITY = YES;
				SWIFT_VERSION = 5.0;
			};
			name = Debug;
		};
		43B288B3306DC75300B6CCA7 /* Release */ = {
			isa = XCBuildConfiguration;
			buildSettings = {
				CODE_SIGN_STYLE = Automatic;
				CURRENT_PROJECT_VERSION = 4.0.1;
				ENABLE_APP_SANDBOX = YES;
				ENABLE_HARDENED_RUNTIME = YES;
				ENABLE_USER_SELECTED_FILES = readonly;
				GENERATE_INFOPLIST_FILE = YES;
				INFOPLIST_FILE = "macOS (Extension)/Info.plist";
				INFOPLIST_KEY_CFBundleDisplayName = "Indie Wiki Buddy Extension";
				INFOPLIST_KEY_NSHumanReadableCopyright = "";
				LD_RUNPATH_SEARCH_PATHS = (
					"$(inherited)",
					"@executable_path/../Frameworks",
					"@executable_path/../../../../Frameworks",
				);
				MACOSX_DEPLOYMENT_TARGET = 10.14;
				MARKETING_VERSION = 1.0;
				OTHER_LDFLAGS = (
					"-framework",
					SafariServices,
				);
				PRODUCT_BUNDLE_IDENTIFIER = "com.hoverAdev.indie-wiki-buddy.Extension";
				PRODUCT_NAME = "Indie Wiki Buddy Extension";
				SDKROOT = macosx;
				SKIP_INSTALL = YES;
				STRING_CATALOG_GENERATE_SYMBOLS = YES;
				SWIFT_APPROACHABLE_CONCURRENCY = YES;
				SWIFT_EMIT_LOC_STRINGS = YES;
				SWIFT_UPCOMING_FEATURE_MEMBER_IMPORT_VISIBILITY = YES;
				SWIFT_VERSION = 5.0;
			};
			name = Release;
		};
		43B288B6306DC75300B6CCA7 /* Debug */ = {
			isa = XCBuildConfiguration;
			buildSettings = {
				ASSETCATALOG_COMPILER_APPICON_NAME = AppIcon;
				ASSETCATALOG_COMPILER_GLOBAL_ACCENT_COLOR_NAME = AccentColor;
				CODE_SIGN_STYLE = Automatic;
				CURRENT_PROJECT_VERSION = 4.0.1;
				ENABLE_APP_SANDBOX = YES;
				ENABLE_HARDENED_RUNTIME = YES;
				ENABLE_OUTGOING_NETWORK_CONNECTIONS = YES;
				ENABLE_USER_SELECTED_FILES = readonly;
				GENERATE_INFOPLIST_FILE = YES;
				INFOPLIST_FILE = "macOS (App)/Info.plist";
				INFOPLIST_KEY_CFBundleDisplayName = "Indie Wiki Buddy";
				INFOPLIST_KEY_NSMainStoryboardFile = Main;
				INFOPLIST_KEY_NSPrincipalClass = NSApplication;
				LD_RUNPATH_SEARCH_PATHS = (
					"$(inherited)",
					"@executable_path/../Frameworks",
				);
				MACOSX_DEPLOYMENT_TARGET = 10.14;
				MARKETING_VERSION = 1.0;
				OTHER_LDFLAGS = (
					"-framework",
					SafariServices,
					"-framework",
					WebKit,
				);
				PRODUCT_BUNDLE_IDENTIFIER = "com.hoverAdev.indie-wiki-buddy";
				PRODUCT_NAME = "Indie Wiki Buddy";
				REGISTER_APP_GROUPS = YES;
				SDKROOT = macosx;
				STRING_CATALOG_GENERATE_SYMBOLS = YES;
				SWIFT_APPROACHABLE_CONCURRENCY = YES;
				SWIFT_DEFAULT_ACTOR_ISOLATION = MainActor;
				SWIFT_EMIT_LOC_STRINGS = YES;
				SWIFT_UPCOMING_FEATURE_MEMBER_IMPORT_VISIBILITY = YES;
				SWIFT_VERSION = 5.0;
			};
			name = Debug;
		};
		43B288B7306DC75300B6CCA7 /* Release */ = {
			isa = XCBuildConfiguration;
			buildSettings = {
				ASSETCATALOG_COMPILER_APPICON_NAME = AppIcon;
				ASSETCATALOG_COMPILER_GLOBAL_ACCENT_COLOR_NAME = AccentColor;
				CODE_SIGN_STYLE = Automatic;
				CURRENT_PROJECT_VERSION = 4.0.1;
				ENABLE_APP_SANDBOX = YES;
				ENABLE_HARDENED_RUNTIME = YES;
				ENABLE_OUTGOING_NETWORK_CONNECTIONS = YES;
				ENABLE_USER_SELECTED_FILES = readonly;
				GENERATE_INFOPLIST_FILE = YES;
				INFOPLIST_FILE = "macOS (App)/Info.plist";
				INFOPLIST_KEY_CFBundleDisplayName = "Indie Wiki Buddy";
				INFOPLIST_KEY_NSMainStoryboardFile = Main;
				INFOPLIST_KEY_NSPrincipalClass = NSApplication;
				LD_RUNPATH_SEARCH_PATHS = (
					"$(inherited)",
					"@executable_path/../Frameworks",
				);
				MACOSX_DEPLOYMENT_TARGET = 10.14;
				MARKETING_VERSION = 1.0;
				OTHER_LDFLAGS = (
					"-framework",
					SafariServices,
					"-framework",
					WebKit,
				);
				PRODUCT_BUNDLE_IDENTIFIER = "com.hoverAdev.indie-wiki-buddy";
				PRODUCT_NAME = "Indie Wiki Buddy";
				REGISTER_APP_GROUPS = YES;
				SDKROOT = macosx;
				STRING_CATALOG_GENERATE_SYMBOLS = YES;
				SWIFT_APPROACHABLE_CONCURRENCY = YES;
				SWIFT_DEFAULT_ACTOR_ISOLATION = MainActor;
				SWIFT_EMIT_LOC_STRINGS = YES;
				SWIFT_UPCOMING_FEATURE_MEMBER_IMPORT_VISIBILITY = YES;
				SWIFT_VERSION = 5.0;
			};
			name = Release;
		};
/* End XCBuildConfiguration section */

/* Begin XCConfigurationList section */
		43B2885C306DC74F00B6CCA7 /* Build configuration list for PBXProject "Indie Wiki Buddy" */ = {
			isa = XCConfigurationList;
			buildConfigurations = (
				43B288A8306DC75300B6CCA7 /* Debug */,
				43B288A9306DC75300B6CCA7 /* Release */,
			);
			defaultConfigurationIsVisible = 0;
			defaultConfigurationName = Release;
		};
		43B288AA306DC75300B6CCA7 /* Build configuration list for PBXNativeTarget "Indie Wiki Buddy Extension (iOS)" */ = {
			isa = XCConfigurationList;
			buildConfigurations = (
				43B288AB306DC75300B6CCA7 /* Debug */,
				43B288AC306DC75300B6CCA7 /* Release */,
			);
			defaultConfigurationIsVisible = 0;
			defaultConfigurationName = Release;
		};
		43B288AE306DC75300B6CCA7 /* Build configuration list for PBXNativeTarget "Indie Wiki Buddy (iOS)" */ = {
			isa = XCConfigurationList;
			buildConfigurations = (
				43B288AF306DC75300B6CCA7 /* Debug */,
				43B288B0306DC75300B6CCA7 /* Release */,
			);
			defaultConfigurationIsVisible = 0;
			defaultConfigurationName = Release;
		};
		43B288B1306DC75300B6CCA7 /* Build configuration list for PBXNativeTarget "Indie Wiki Buddy Extension (macOS)" */ = {
			isa = XCConfigurationList;
			buildConfigurations = (
				43B288B2306DC75300B6CCA7 /* Debug */,
				43B288B3306DC75300B6CCA7 /* Release */,
			);
			defaultConfigurationIsVisible = 0;
			defaultConfigurationName = Release;
		};
		43B288B5306DC75300B6CCA7 /* Build configuration list for PBXNativeTarget "Indie Wiki Buddy (macOS)" */ = {
			isa = XCConfigurationList;
			buildConfigurations = (
				43B288B6306DC75300B6CCA7 /* Debug */,
				43B288B7306DC75300B6CCA7 /* Release */,
			);
			defaultConfigurationIsVisible = 0;
			defaultConfigurationName = Release;
		};
/* End XCConfigurationList section */
	};
	rootObject = 43B28859306DC74F00B6CCA7 /* Project object */;
}
